
Microsoft Visual Studio Solution File, Format Version 12.00
# Visual Studio Version 16
VisualStudioVersion = 16.0.30330.147
MinimumVisualStudioVersion = 10.0.40219.1
Project("{9A19103F-16F7-4668-BE54-9A1E7A4F7556}") = "WinMan", "src\WinMan\WinMan.csproj", "{6E3DAF0E-3D3D-4230-89E8-0BC8F916E8E6}"
EndProject
Global
	GlobalSection(SolutionConfigurationPlatforms) = preSolution
		Debug|Any CPU = Debug|Any CPU
		Debug|x64 = Debug|x64
		Debug|x86 = Debug|x86
		Release|Any CPU = Release|Any CPU
		Release|x64 = Release|x64
		Release|x86 = Release|x86
	EndGlobalSection
	GlobalSection(ProjectConfigurationPlatforms) = postSolution
		{6E3DAF0E-3D3D-4230-89E8-0BC8F916E8E6}.Debug|Any CPU.ActiveCfg = Debug|Any CPU
		{6E3DAF0E-3D3D-4230-89E8-0BC8F916E8E6}.Debug|Any CPU.Build.0 = Debug|Any CPU
		{6E3DAF0E-3D3D-4230-89E8-0BC8F916E8E6}.Debug|x64.ActiveCfg = Debug|Any CPU
		{6E3DAF0E-3D3D-4230-89E8-0BC8F916E8E6}.Debug|x64.Build.0 = Debug|Any CPU
		{6E3DAF0E-3D3D-4230-89E8-0BC8F916E8E6}.Debug|x86.ActiveCfg = Debug|Any CPU
		{6E3DAF0E-3D3D-4230-89E8-0BC8F916E8E6}.Debug|x86.Build.0 = Debug|Any CPU
		{6E3DAF0E-3D3D-4230-89E8-0BC8F916E8E6}.Release|Any CPU.ActiveCfg = Release|Any CPU
		{6E3DAF0E-3D3D-4230-89E8-0BC8F916E8E6}.Release|Any CPU.Build.0 = Release|Any CPU
		{6E3DAF0E-3D3D-4230-89E8-0BC8F916E8E6}.Release|x64.ActiveCfg = Release|Any CPU
		{6E3DAF0E-3D3D-4230-89E8-0BC8F916E8E6}.Release|x64.Build.0 = Release|Any CPU
		{6E3DAF0E-3D3D-4230-89E8-0BC8F916E8E6}.Release|x86.ActiveCfg = Release|Any CPU
		{6E3DAF0E-3D3D-4230-89E8-0BC8F916E8E6}.Release|x86.Build.0 = Release|Any CPU
	EndGlobalSection
	GlobalSection(SolutionProperties) = preSolution
		HideSolutionNode = FALSE
	EndGlobalSection
	GlobalSection(ExtensibilityGlobals) = postSolution
		SolutionGuid = {05F66476-A4B5-490F-996F-FF86E0C702F7}
	EndGlobalSection
EndGlobal
