
Microsoft Visual Studio Solution File, Format Version 12.00
# Visual Studio Version 16
VisualStudioVersion = 16.0.30330.147
MinimumVisualStudioVersion = 10.0.40219.1
Project("{FAE04EC0-301F-11D3-BF4B-00C04F79EFBC}") = "WinMan", "WinMan\WinMan.csproj", "{F6C8C1C9-E21E-4CEB-AAAE-5AEBB4BADA40}"
EndProject
Project("{FAE04EC0-301F-11D3-BF4B-00C04F79EFBC}") = "WinMan.Layouts", "WinMan.Layouts\WinMan.Layouts.csproj", "{438AFCF2-8923-4A79-82DF-64FC37C1F0BF}"
EndProject
Project("{FAE04EC0-301F-11D3-BF4B-00C04F79EFBC}") = "WinMan.UI", "WinMan.UI\WinMan.UI.csproj", "{B2C4341B-99BA-412C-8CCB-A311F4226152}"
EndProject
Global
	GlobalSection(SolutionConfigurationPlatforms) = preSolution
		Debug|Any CPU = Debug|Any CPU
		Release|Any CPU = Release|Any CPU
	EndGlobalSection
	GlobalSection(ProjectConfigurationPlatforms) = postSolution
		{F6C8C1C9-E21E-4CEB-AAAE-5AEBB4BADA40}.Debug|Any CPU.ActiveCfg = Debug|Any CPU
		{F6C8C1C9-E21E-4CEB-AAAE-5AEBB4BADA40}.Debug|Any CPU.Build.0 = Debug|Any CPU
		{F6C8C1C9-E21E-4CEB-AAAE-5AEBB4BADA40}.Release|Any CPU.ActiveCfg = Release|Any CPU
		{F6C8C1C9-E21E-4CEB-AAAE-5AEBB4BADA40}.Release|Any CPU.Build.0 = Release|Any CPU
		{438AFCF2-8923-4A79-82DF-64FC37C1F0BF}.Debug|Any CPU.ActiveCfg = Debug|Any CPU
		{438AFCF2-8923-4A79-82DF-64FC37C1F0BF}.Debug|Any CPU.Build.0 = Debug|Any CPU
		{438AFCF2-8923-4A79-82DF-64FC37C1F0BF}.Release|Any CPU.ActiveCfg = Release|Any CPU
		{438AFCF2-8923-4A79-82DF-64FC37C1F0BF}.Release|Any CPU.Build.0 = Release|Any CPU
		{B2C4341B-99BA-412C-8CCB-A311F4226152}.Debug|Any CPU.ActiveCfg = Debug|Any CPU
		{B2C4341B-99BA-412C-8CCB-A311F4226152}.Debug|Any CPU.Build.0 = Debug|Any CPU
		{B2C4341B-99BA-412C-8CCB-A311F4226152}.Release|Any CPU.ActiveCfg = Release|Any CPU
		{B2C4341B-99BA-412C-8CCB-A311F4226152}.Release|Any CPU.Build.0 = Release|Any CPU
	EndGlobalSection
	GlobalSection(SolutionProperties) = preSolution
		HideSolutionNode = FALSE
	EndGlobalSection
	GlobalSection(ExtensibilityGlobals) = postSolution
		SolutionGuid = {05F66476-A4B5-490F-996F-FF86E0C702F7}
	EndGlobalSection
EndGlobal
